# This file is automatically @generated by Poetry 2.2.1 and should not be changed by hand.

[[package]]
name = "black"
version = "25.9.0"
description = "The uncompromising code formatter."
optional = false
python-versions = ">=3.9"
groups = ["dev"]
files = [
    {file = "black-25.9.0-cp310-cp310-macosx_10_9_x86_64.whl", hash = "sha256:ce41ed2614b706fd55fd0b4a6909d06b5bab344ffbfadc6ef34ae50adba3d4f7"},
    {file = "black-25.9.0-cp310-cp310-macosx_11_0_arm64.whl", hash = "sha256:2ab0ce111ef026790e9b13bd216fa7bc48edd934ffc4cbf78808b235793cbc92"},
    {file = "black-25.9.0-cp310-cp310-manylinux_2_17_x86_64.manylinux2014_x86_64.manylinux_2_28_x86_64.whl", hash = "sha256:f96b6726d690c96c60ba682955199f8c39abc1ae0c3a494a9c62c0184049a713"},
    {file = "black-25.9.0-cp310-cp310-win_amd64.whl", hash = "sha256:d119957b37cc641596063cd7db2656c5be3752ac17877017b2ffcdb9dfc4d2b1"},
    {file = "black-25.9.0-cp311-cp311-macosx_10_9_x86_64.whl", hash = "sha256:456386fe87bad41b806d53c062e2974615825c7a52159cde7ccaeb0695fa28fa"},
    {file = "black-25.9.0-cp311-cp311-macosx_11_0_arm64.whl", hash = "sha256:a16b14a44c1af60a210d8da28e108e13e75a284bf21a9afa6b4571f96ab8bb9d"},
    {file = "black-25.9.0-cp311-cp311-manylinux_2_17_x86_64.manylinux2014_x86_64.manylinux_2_28_x86_64.whl", hash = "sha256:aaf319612536d502fdd0e88ce52d8f1352b2c0a955cc2798f79eeca9d3af0608"},
    {file = "black-25.9.0-cp311-cp311-win_amd64.whl", hash = "sha256:c0372a93e16b3954208417bfe448e09b0de5cc721d521866cd9e0acac3c04a1f"},
    {file = "black-25.9.0-cp312-cp312-macosx_10_13_x86_64.whl", hash = "sha256:1b9dc70c21ef8b43248f1d86aedd2aaf75ae110b958a7909ad8463c4aa0880b0"},
    {file = "black-25.9.0-cp312-cp312-macosx_11_0_arm64.whl", hash = "sha256:8e46eecf65a095fa62e53245ae2795c90bdecabd53b50c448d0a8bcd0d2e74c4"},
    {file = "black-25.9.0-cp312-cp312-manylinux_2_17_x86_64.manylinux2014_x86_64.manylinux_2_28_x86_64.whl", hash = "sha256:9101ee58ddc2442199a25cb648d46ba22cd580b00ca4b44234a324e3ec7a0f7e"},
    {file = "black-25.9.0-cp312-cp312-win_amd64.whl", hash = "sha256:77e7060a00c5ec4b3367c55f39cf9b06e68965a4f2e61cecacd6d0d9b7ec945a"},
    {file = "black-25.9.0-cp313-cp313-macosx_10_13_x86_64.whl", hash = "sha256:0172a012f725b792c358d57fe7b6b6e8e67375dd157f64fa7a3097b3ed3e2175"},
    {file = "black-25.9.0-cp313-cp313-macosx_11_0_arm64.whl", hash = "sha256:3bec74ee60f8dfef564b573a96b8930f7b6a538e846123d5ad77ba14a8d7a64f"},
    {file = "black-25.9.0-cp313-cp313-manylinux_2_17_x86_64.manylinux2014_x86_64.manylinux_2_28_x86_64.whl", hash = "sha256:b756fc75871cb1bcac5499552d771822fd9db5a2bb8db2a7247936ca48f39831"},
    {file = "black-25.9.0-cp313-cp313-win_amd64.whl", hash = "sha256:846d58e3ce7879ec1ffe816bb9df6d006cd9590515ed5d17db14e17666b2b357"},
    {file = "black-25.9.0-cp39-cp39-macosx_10_9_x86_64.whl", hash = "sha256:ef69351df3c84485a8beb6f7b8f9721e2009e20ef80a8d619e2d1788b7816d47"},
    {file = "black-25.9.0-cp39-cp39-macosx_11_0_arm64.whl", hash = "sha256:e3c1f4cd5e93842774d9ee4ef6cd8d17790e65f44f7cdbaab5f2cf8ccf22a823"},
    {file = "black-25.9.0-cp39-cp39-manylinux_2_17_x86_64.manylinux2014_x86_64.manylinux_2_28_x86_64.whl", hash = "sha256:154b06d618233fe468236ba1f0e40823d4eb08b26f5e9261526fde34916b9140"},
    {file = "black-25.9.0-cp39-cp39-win_amd64.whl", hash = "sha256:e593466de7b998374ea2585a471ba90553283fb9beefcfa430d84a2651ed5933"},
    {file = "black-25.9.0-py3-none-any.whl", hash = "sha256:474b34c1342cdc157d307b56c4c65bce916480c4a8f6551fdc6bf9b486a7c4ae"},
    {file = "black-25.9.0.tar.gz", hash = "sha256:0474bca9a0dd1b51791fcc507a4e02078a1c63f6d4e4ae5544b9848c7adfb619"},
]

[package.dependencies]
click = ">=8.0.0"
mypy-extensions = ">=0.4.3"
packaging = ">=22.0"
pathspec = ">=0.9.0"
platformdirs = ">=2"
pytokens = ">=0.1.10"

[package.extras]
colorama = ["colorama (>=0.4.3)"]
d = ["aiohttp (>=3.10)"]
jupyter = ["ipython (>=7.8.0)", "tokenize-rt (>=3.2.0)"]
uvloop = ["uvloop (>=0.15.2)"]

[[package]]
name = "click"
version = "8.3.0"
description = "Composable command line interface toolkit"
optional = false
python-versions = ">=3.10"
groups = ["dev"]
files = [
    {file = "click-8.3.0-py3-none-any.whl", hash = "sha256:9b9f285302c6e3064f4330c05f05b81945b2a39544279343e6e7c5f27a9baddc"},
    {file = "click-8.3.0.tar.gz", hash = "sha256:e7b8232224eba16f4ebe410c25ced9f7875cb5f3263ffc93cc3e8da705e229c4"},
]

[package.dependencies]
colorama = {version = "*", markers = "platform_system == \"Windows\""}

[[package]]
name = "colorama"
version = "0.4.6"
description = "Cross-platform colored terminal text."
optional = false
python-versions = "!=3.0.*,!=3.1.*,!=3.2.*,!=3.3.*,!=3.4.*,!=3.5.*,!=3.6.*,>=2.7"
groups = ["dev"]
markers = "sys_platform == \"win32\" or platform_system == \"Windows\""
files = [
    {file = "colorama-0.4.6-py2.py3-none-any.whl", hash = "sha256:4f1d9991f5acc0ca119f9d443620b77f9d6b33703e51011c16baf57afb285fc6"},
    {file = "colorama-0.4.6.tar.gz", hash = "sha256:08695f5cb7ed6e0531a20572697297273c47b8cae5a63ffc6d6ed5c201be6e44"},
]

[[package]]
name = "gmpy2"
version = "2.2.1"
description = "gmpy2 interface to GMP, MPFR, and MPC for Python 3.7+"
optional = false
python-versions = ">=3.7"
groups = ["main"]
files = [
    {file = "gmpy2-2.2.1-cp310-cp310-macosx_10_9_x86_64.whl", hash = "sha256:431d599e1542b6e0b3618d3e296702c25215c97fb461d596e27adbe69d765dc6"},
    {file = "gmpy2-2.2.1-cp310-cp310-macosx_11_0_arm64.whl", hash = "sha256:5e51848975837751d1038e82d006e8bb488b179f093ba7fc8a59e1d8a2c61663"},
    {file = "gmpy2-2.2.1-cp310-cp310-manylinux_2_17_i686.manylinux2014_i686.whl", hash = "sha256:89bdf26520b0bf39e148f97a7c9dd17e163637fdcd5fa3699fd70b5e9c246531"},
    {file = "gmpy2-2.2.1-cp310-cp310-manylinux_2_17_x86_64.manylinux2014_x86_64.whl", hash = "sha256:a187cf303b94efb4c8915106406acac16e8dbaa3cdb6e856fa096673c3c02f1b"},
    {file = "gmpy2-2.2.1-cp310-cp310-musllinux_1_2_i686.whl", hash = "sha256:d26806e518dadd9ed6cf57fc5fb67e8e6ca533bd9a77fd079558ffadd57150c8"},
    {file = "gmpy2-2.2.1-cp310-cp310-musllinux_1_2_x86_64.whl", hash = "sha256:416d2f1c4a1af3c00946a8f85b4547ba2bede3903cae3095be12fbc0128f9f5f"},
    {file = "gmpy2-2.2.1-cp310-cp310-win_amd64.whl", hash = "sha256:b3cb0f02570f483d27581ea5659c43df0ff7759aaeb475219e0d9e10e8511a80"},
    {file = "gmpy2-2.2.1-cp311-cp311-macosx_10_9_x86_64.whl", hash = "sha256:98e947491c67523d3147a500f377bb64d0b115e4ab8a12d628fb324bb0e142bf"},
    {file = "gmpy2-2.2.1-cp311-cp311-macosx_11_0_arm64.whl", hash = "sha256:4ccd319a3a87529484167ae1391f937ac4a8724169fd5822bbb541d1eab612b0"},
    {file = "gmpy2-2.2.1-cp311-cp311-manylinux_2_17_i686.manylinux2014_i686.whl", hash = "sha256:827bcd433e5d62f1b732f45e6949419da4a53915d6c80a3c7a5a03d5a783a03a"},
    {file = "gmpy2-2.2.1-cp311-cp311-manylinux_2_17_x86_64.manylinux2014_x86_64.whl", hash = "sha256:b7131231fc96f57272066295c81cbf11b3233a9471659bca29ddc90a7bde9bfa"},
    {file = "gmpy2-2.2.1-cp311-cp311-musllinux_1_2_i686.whl", hash = "sha256:1cc6f2bb68ee00c20aae554e111dc781a76140e00c31e4eda5c8f2d4168ed06c"},
    {file = "gmpy2-2.2.1-cp311-cp311-musllinux_1_2_x86_64.whl", hash = "sha256:ae388fe46e3d20af4675451a4b6c12fc1bb08e6e0e69ee47072638be21bf42d8"},
    {file = "gmpy2-2.2.1-cp311-cp311-win_amd64.whl", hash = "sha256:8b472ee3c123b77979374da2293ebf2c170b88212e173d64213104956d4678fb"},
    {file = "gmpy2-2.2.1-cp312-cp312-macosx_10_9_x86_64.whl", hash = "sha256:90d03a1be1b1ad3944013fae5250316c3f4e6aec45ecdf189a5c7422d640004d"},
    {file = "gmpy2-2.2.1-cp312-cp312-macosx_11_0_arm64.whl", hash = "sha256:bd09dd43d199908c1d1d501c5de842b3bf754f99b94af5b5ef0e26e3b716d2d5"},
    {file = "gmpy2-2.2.1-cp312-cp312-manylinux_2_17_i686.manylinux2014_i686.whl", hash = "sha256:3232859fda3e96fd1aecd6235ae20476ed4506562bcdef6796a629b78bb96acd"},
    {file = "gmpy2-2.2.1-cp312-cp312-manylinux_2_17_x86_64.manylinux2014_x86_64.whl", hash = "sha256:30fba6f7cf43fb7f8474216701b5aaddfa5e6a06d560e88a67f814062934e863"},
    {file = "gmpy2-2.2.1-cp312-cp312-musllinux_1_2_i686.whl", hash = "sha256:9b33cae533ede8173bc7d4bb855b388c5b636ca9f22a32c949f2eb7e0cc531b2"},
    {file = "gmpy2-2.2.1-cp312-cp312-musllinux_1_2_x86_64.whl", hash = "sha256:954e7e1936c26e370ca31bbd49729ebeeb2006a8f9866b1e778ebb89add2e941"},
    {file = "gmpy2-2.2.1-cp312-cp312-win_amd64.whl", hash = "sha256:c929870137b20d9c3f7dd97f43615b2d2c1a2470e50bafd9a5eea2e844f462e9"},
    {file = "gmpy2-2.2.1-cp313-cp313-macosx_10_9_x86_64.whl", hash = "sha256:a3859ef1706bc631ee7fbdf3ae0367da1709fae1e2538b0e1bc6c53fa3ee7ef4"},
    {file = "gmpy2-2.2.1-cp313-cp313-macosx_11_0_arm64.whl", hash = "sha256:6468fc604d5a322fe037b8880848eef2fef7e9f843872645c4c11eef276896ad"},
    {file = "gmpy2-2.2.1-cp313-cp313-manylinux_2_17_i686.manylinux2014_i686.whl", hash = "sha256:a845a7701217da4ff81a2e4ae8df479e904621b7953d3a6b4ca0ff139f1fa71f"},
    {file = "gmpy2-2.2.1-cp313-cp313-manylinux_2_17_x86_64.manylinux2014_x86_64.whl", hash = "sha256:c0b1e14ef1793a1e0176e7b54b29b44c1d93cf8699ca8e4a93ed53fdd16e2c52"},
    {file = "gmpy2-2.2.1-cp313-cp313-musllinux_1_2_i686.whl", hash = "sha256:13b0e00170c14ed4cd1e007cc6f1bcb3417b5677d2ef964d46959a1833aa84ab"},
    {file = "gmpy2-2.2.1-cp313-cp313-musllinux_1_2_x86_64.whl", hash = "sha256:831280e3943897ae6bf69ebd868dc6de2a46c078230b9f2a9f66b4ad793d0440"},
    {file = "gmpy2-2.2.1-cp313-cp313-win_amd64.whl", hash = "sha256:74235fcce8a1bee207bf8d43955cb04563f71ba8231a3bbafc6dd7869503d05c"},
    {file = "gmpy2-2.2.1-cp37-cp37m-macosx_10_9_x86_64.whl", hash = "sha256:67aa03a50ad85687193174875a72e145114946fc3aa64b1c9d4a724b70afc18d"},
    {file = "gmpy2-2.2.1-cp37-cp37m-manylinux_2_17_i686.manylinux2014_i686.whl", hash = "sha256:1854e35312088608880139d06326683a56d7547d68a5817f472ac9046920b7c8"},
    {file = "gmpy2-2.2.1-cp37-cp37m-manylinux_2_17_x86_64.manylinux2014_x86_64.whl", hash = "sha256:3c35081bc42741fe5d491cffcff2c71107970b85b6687e6b0001db5fcc70d644"},
    {file = "gmpy2-2.2.1-cp37-cp37m-musllinux_1_2_i686.whl", hash = "sha256:152e8aaec5046fd4887e45719ab5ea5fac90df0077574c79fc124dc93fd237c0"},
    {file = "gmpy2-2.2.1-cp37-cp37m-musllinux_1_2_x86_64.whl", hash = "sha256:31826f502cd575898ef1fd5959b48114b3e91540385491ab9303ffa04d88a6eb"},
    {file = "gmpy2-2.2.1-cp37-cp37m-win_amd64.whl", hash = "sha256:98f5c85177225f91b93caf64e1876e081108c5dd1d53f0b79f917561935fb389"},
    {file = "gmpy2-2.2.1-cp38-cp38-macosx_10_9_x86_64.whl", hash = "sha256:235f69d2e83d7418252871f1950bf8fb8e80bf2e572c30859c85d7ee14196f3d"},
    {file = "gmpy2-2.2.1-cp38-cp38-macosx_11_0_arm64.whl", hash = "sha256:5079db302762e2669e0d664ea8fb56f46509514dd0387d98951e399838d9bb07"},
    {file = "gmpy2-2.2.1-cp38-cp38-manylinux_2_17_i686.manylinux2014_i686.whl", hash = "sha256:e387faa6e860424a934ac23152803202980bd0c30605d8bd180bb015d8b09f75"},
    {file = "gmpy2-2.2.1-cp38-cp38-manylinux_2_17_x86_64.manylinux2014_x86_64.whl", hash = "sha256:887471cf563c5fc96456c404c805fb4a09c7e834123d7725b22f5394a48cff46"},
    {file = "gmpy2-2.2.1-cp38-cp38-musllinux_1_2_i686.whl", hash = "sha256:1adf779213b9bbf4b0270d1dea1822e3865c433ae02d4b97d20db8be8532e2f8"},
    {file = "gmpy2-2.2.1-cp38-cp38-musllinux_1_2_x86_64.whl", hash = "sha256:2ef74ffffbb16a84243098b51672b584f83baaa53535209639174244863aea8c"},
    {file = "gmpy2-2.2.1-cp38-cp38-win_amd64.whl", hash = "sha256:6699b88068c2af9abaf28cd078c876892a917750d8bee6734d8dfa708312fdf3"},
    {file = "gmpy2-2.2.1-cp39-cp39-macosx_10_9_x86_64.whl", hash = "sha256:623e0f701dc74690d15037951b550160d24d75bf66213fc6642a51ac6a2e055e"},
    {file = "gmpy2-2.2.1-cp39-cp39-macosx_11_0_arm64.whl", hash = "sha256:31b9bfde30478d3b9c85641b4b7146554af16d60320962d79c3e45d724d1281d"},
    {file = "gmpy2-2.2.1-cp39-cp39-manylinux_2_17_i686.manylinux2014_i686.whl", hash = "sha256:674da3d7aeb7dbde52abc0adc0a285bf1b2f3d142779dad15acdbdb819fe9bc2"},
    {file = "gmpy2-2.2.1-cp39-cp39-manylinux_2_17_x86_64.manylinux2014_x86_64.whl", hash = "sha256:23505c2ab66734f8a1b1fc5c4c1f8bbbd489bb02eef5940bbd974de69f2ddc2d"},
    {file = "gmpy2-2.2.1-cp39-cp39-musllinux_1_2_i686.whl", hash = "sha256:99f515dbd242cb07bf06e71c93e69c99a703ad55a22f5deac198256fd1c305ed"},
    {file = "gmpy2-2.2.1-cp39-cp39-musllinux_1_2_x86_64.whl", hash = "sha256:1c2daa0bb603734e6bee6245e275e57ed305a08da50dc3ce7b48eedece61216c"},
    {file = "gmpy2-2.2.1-cp39-cp39-win_amd64.whl", hash = "sha256:fbe36fcc45a591d4ef30fe38ac8db0afa35edfafdf325dbe4fe9162ceb264c0d"},
    {file = "gmpy2-2.2.1.tar.gz", hash = "sha256:e83e07567441b78cb87544910cb3cc4fe94e7da987e93ef7622e76fb96650432"},
]

[package.extras]
docs = ["sphinx (>=4)", "sphinx-rtd-theme (>=1)"]
tests = ["cython", "hypothesis", "mpmath", "pytest", "setuptools"]

[[package]]
name = "gmpy2-stubs"
version = "2.2.1.5"
description = "Type stubs (PEP 561) for gmpy2 2.2.1: GMP, MPFR, and MPC support."
optional = false
python-versions = ">=3.8"
groups = ["main"]
files = [
    {file = "gmpy2_stubs-2.2.1.5-py3-none-any.whl", hash = "sha256:8d6c6db2603628e1c9d65e49db8f99e2a592e99a0eecee2591084b18a193b4fe"},
    {file = "gmpy2_stubs-2.2.1.5.tar.gz", hash = "sha256:9bcd5ab0bfbe881d39664f6b63046258dd91e38593a4cd930244874aaf82c770"},
]

[[package]]
name = "iniconfig"
version = "2.3.0"
description = "brain-dead simple config-ini parsing"
optional = false
python-versions = ">=3.10"
groups = ["dev"]
files = [
    {file = "iniconfig-2.3.0-py3-none-any.whl", hash = "sha256:f631c04d2c48c52b84d0d0549c99ff3859c98df65b3101406327ecc7d53fbf12"},
    {file = "iniconfig-2.3.0.tar.gz", hash = "sha256:c76315c77db068650d49c5b56314774a7804df16fee4402c1f19d6d15d8c4730"},
]

[[package]]
name = "mypy-extensions"
version = "1.1.0"
description = "Type system extensions for programs checked with the mypy type checker."
optional = false
python-versions = ">=3.8"
groups = ["dev"]
files = [
    {file = "mypy_extensions-1.1.0-py3-none-any.whl", hash = "sha256:1be4cccdb0f2482337c4743e60421de3a356cd97508abadd57d47403e94f5505"},
    {file = "mypy_extensions-1.1.0.tar.gz", hash = "sha256:52e68efc3284861e772bbcd66823fde5ae21fd2fdb51c62a211403730b916558"},
]

[[package]]
name = "packaging"
version = "25.0"
description = "Core utilities for Python packages"
optional = false
python-versions = ">=3.8"
groups = ["dev"]
files = [
    {file = "packaging-25.0-py3-none-any.whl", hash = "sha256:29572ef2b1f17581046b3a2227d5c611fb25ec70ca1ba8554b24b0e69331a484"},
    {file = "packaging-25.0.tar.gz", hash = "sha256:d443872c98d677bf60f6a1f2f8c1cb748e8fe762d2bf9d3148b5599295b0fc4f"},
]

[[package]]
name = "pathspec"
version = "0.12.1"
description = "Utility library for gitignore style pattern matching of file paths."
optional = false
python-versions = ">=3.8"
groups = ["dev"]
files = [
    {file = "pathspec-0.12.1-py3-none-any.whl", hash = "sha256:a0d503e138a4c123b27490a4f7beda6a01c6f288df0e4a8b79c7eb0dc7b4cc08"},
    {file = "pathspec-0.12.1.tar.gz", hash = "sha256:a482d51503a1ab33b1c67a6c3813a26953dbdc71c31dacaef9a838c4e29f5712"},
]

[[package]]
name = "platformdirs"
version = "4.5.0"
description = "A small Python package for determining appropriate platform-specific dirs, e.g. a `user data dir`."
optional = false
python-versions = ">=3.10"
groups = ["dev"]
files = [
    {file = "platformdirs-4.5.0-py3-none-any.whl", hash = "sha256:e578a81bb873cbb89a41fcc904c7ef523cc18284b7e3b3ccf06aca1403b7ebd3"},
    {file = "platformdirs-4.5.0.tar.gz", hash = "sha256:70ddccdd7c99fc5942e9fc25636a8b34d04c24b335100223152c2803e4063312"},
]

[package.extras]
docs = ["furo (>=2025.9.25)", "proselint (>=0.14)", "sphinx (>=8.2.3)", "sphinx-autodoc-typehints (>=3.2)"]
test = ["appdirs (==1.4.4)", "covdefaults (>=2.3)", "pytest (>=8.4.2)", "pytest-cov (>=7)", "pytest-mock (>=3.15.1)"]
type = ["mypy (>=1.18.2)"]

[[package]]
name = "pluggy"
version = "1.6.0"
description = "plugin and hook calling mechanisms for python"
optional = false
python-versions = ">=3.9"
groups = ["dev"]
files = [
    {file = "pluggy-1.6.0-py3-none-any.whl", hash = "sha256:e920276dd6813095e9377c0bc5566d94c932c33b27a3e3945d8389c374dd4746"},
    {file = "pluggy-1.6.0.tar.gz", hash = "sha256:7dcc130b76258d33b90f61b658791dede3486c3e6bfb003ee5c9bfb396dd22f3"},
]

[package.extras]
dev = ["pre-commit", "tox"]
testing = ["coverage", "pytest", "pytest-benchmark"]

[[package]]
name = "pygments"
version = "2.19.2"
description = "Pygments is a syntax highlighting package written in Python."
optional = false
python-versions = ">=3.8"
groups = ["dev"]
files = [
    {file = "pygments-2.19.2-py3-none-any.whl", hash = "sha256:86540386c03d588bb81d44bc3928634ff26449851e99741617ecb9037ee5ec0b"},
    {file = "pygments-2.19.2.tar.gz", hash = "sha256:636cb2477cec7f8952536970bc533bc43743542f70392ae026374600add5b887"},
]

[package.extras]
windows-terminal = ["colorama (>=0.4.6)"]

[[package]]
name = "pytest"
version = "8.4.2"
description = "pytest: simple powerful testing with Python"
optional = false
python-versions = ">=3.9"
groups = ["dev"]
files = [
    {file = "pytest-8.4.2-py3-none-any.whl", hash = "sha256:872f880de3fc3a5bdc88a11b39c9710c3497a547cfa9320bc3c5e62fbf272e79"},
    {file = "pytest-8.4.2.tar.gz", hash = "sha256:86c0d0b93306b961d58d62a4db4879f27fe25513d4b969df351abdddb3c30e01"},
]

[package.dependencies]
colorama = {version = ">=0.4", markers = "sys_platform == \"win32\""}
iniconfig = ">=1"
packaging = ">=20"
pluggy = ">=1.5,<2"
pygments = ">=2.7.2"

[package.extras]
dev = ["argcomplete", "attrs (>=19.2)", "hypothesis (>=3.56)", "mock", "requests", "setuptools", "xmlschema"]

[[package]]
name = "pytokens"
version = "0.2.0"
description = "A Fast, spec compliant Python 3.13+ tokenizer that runs on older Pythons."
optional = false
python-versions = ">=3.8"
groups = ["dev"]
files = [
    {file = "pytokens-0.2.0-py3-none-any.whl", hash = "sha256:74d4b318c67f4295c13782ddd9abcb7e297ec5630ad060eb90abf7ebbefe59f8"},
    {file = "pytokens-0.2.0.tar.gz", hash = "sha256:532d6421364e5869ea57a9523bf385f02586d4662acbcc0342afd69511b4dd43"},
]

[package.extras]
dev = ["black", "build", "mypy", "pytest", "pytest-cov", "setuptools", "tox", "twine", "wheel"]

[metadata]
lock-version = "2.1"
python-versions = ">=3.12"
content-hash = "1cea33726141c06bd75aae405235776380e110c1689cc214a77ef39608dacf32"
